
Microsoft Visual Studio Solution File, Format Version 12.00
# Visual Studio 2013
VisualStudioVersion = 12.0.21005.1
MinimumVisualStudioVersion = 10.0.40219.1
Project("{FAE04EC0-301F-11D3-BF4B-00C04F79EFBC}") = "RMS", "RMS\RMS.csproj", "{966F1801-295E-4E5E-8185-DC0ECA911E3B}"
EndProject
Project("{FAE04EC0-301F-11D3-BF4B-00C04F79EFBC}") = "RMS.Data.Objects", "RMS.Data.Objects\RMS.Data.Objects.csproj", "{93C189B0-C5CD-49A1-B43E-B1CE17009ECD}"
EndProject
Project("{FAE04EC0-301F-11D3-BF4B-00C04F79EFBC}") = "RMS.Data.DataContext", "RMS.Data.DataContext\RMS.Data.DataContext.csproj", "{E1EF1ED0-75EA-4295-91CC-83219C161F5B}"
EndProject
Global
	GlobalSection(SolutionConfigurationPlatforms) = preSolution
		Debug|Any CPU = Debug|Any CPU
		Release|Any CPU = Release|Any CPU
	EndGlobalSection
	GlobalSection(ProjectConfigurationPlatforms) = postSolution
		{966F1801-295E-4E5E-8185-DC0ECA911E3B}.Debug|Any CPU.ActiveCfg = Debug|Any CPU
		{966F1801-295E-4E5E-8185-DC0ECA911E3B}.Debug|Any CPU.Build.0 = Debug|Any CPU
		{966F1801-295E-4E5E-8185-DC0ECA911E3B}.Release|Any CPU.ActiveCfg = Release|Any CPU
		{966F1801-295E-4E5E-8185-DC0ECA911E3B}.Release|Any CPU.Build.0 = Release|Any CPU
		{93C189B0-C5CD-49A1-B43E-B1CE17009ECD}.Debug|Any CPU.ActiveCfg = Debug|Any CPU
		{93C189B0-C5CD-49A1-B43E-B1CE17009ECD}.Debug|Any CPU.Build.0 = Debug|Any CPU
		{93C189B0-C5CD-49A1-B43E-B1CE17009ECD}.Release|Any CPU.ActiveCfg = Release|Any CPU
		{93C189B0-C5CD-49A1-B43E-B1CE17009ECD}.Release|Any CPU.Build.0 = Release|Any CPU
		{E1EF1ED0-75EA-4295-91CC-83219C161F5B}.Debug|Any CPU.ActiveCfg = Debug|Any CPU
		{E1EF1ED0-75EA-4295-91CC-83219C161F5B}.Debug|Any CPU.Build.0 = Debug|Any CPU
		{E1EF1ED0-75EA-4295-91CC-83219C161F5B}.Release|Any CPU.ActiveCfg = Release|Any CPU
		{E1EF1ED0-75EA-4295-91CC-83219C161F5B}.Release|Any CPU.Build.0 = Release|Any CPU
	EndGlobalSection
	GlobalSection(SolutionProperties) = preSolution
		HideSolutionNode = FALSE
	EndGlobalSection
EndGlobal
